# This file was autogenerated by uv via the following command:
#    uv pip compile pyproject.toml -o requirements.api.lock
annotated-doc==0.0.4
    # via
    #   simhpc (pyproject.toml)
    #   fastapi
annotated-types==0.7.0
    # via pydantic
anyio==4.13.0
    # via starlette
certifi==2026.2.25
    # via requests
charset-normalizer==3.4.7
    # via
    #   reportlab
    #   requests
click==8.3.2
    # via uvicorn
colorama==0.4.6
    # via
    #   click
    #   qrcode
fastapi==0.136.0
    # via simhpc (pyproject.toml)
h11==0.16.0
    # via uvicorn
idna==3.12
    # via
    #   anyio
    #   requests
    # via
    #   simhpc (pyproject.toml)
    #   pandas
pandas==2.3.3
    # via simhpc (pyproject.toml)
pillow==12.2.0
    # via
    #   simhpc (pyproject.toml)
    #   qrcode
    #   reportlab
pydantic==2.13.3
    # via
    #   fastapi
    #   pydantic-settings
pydantic-core==2.46.3
    # via pydantic
pydantic-settings==2.14.0
    # via simhpc (pyproject.toml)
python-dateutil==2.9.0.post0
    # via pandas
python-dotenv==1.2.2
    # via
    #   simhpc (pyproject.toml)
    #   pydantic-settings
pytz==2026.1.post1
    # via pandas
qrcode==8.2
    # via simhpc (pyproject.toml)
reportlab==4.4.10
    # via simhpc (pyproject.toml)
requests==2.33.1
    # via simhpc (pyproject.toml)
six==1.17.0
    # via python-dateutil
starlette==1.0.0
    # via fastapi
typing-extensions==4.15.0
    # via
    #   fastapi
    #   pydantic
    #   pydantic-core
    #   typing-inspection
typing-inspection==0.4.2
    # via
    #   fastapi
    #   pydantic
    #   pydantic-settings
tzdata==2026.1
    # via pandas
urllib3==2.6.3
    # via requests
uvicorn==0.45.0
    # via simhpc (pyproject.toml)
